
Microsoft Visual Studio Solution File, Format Version 12.00
# Visual Studio Version 17
VisualStudioVersion = 17.10.35013.160
MinimumVisualStudioVersion = 10.0.40219.1
Project("{FAE04EC0-301F-11D3-BF4B-00C04F79EFBC}") = "EasyGamesProjectV2", "EasyGamesProjectV2.csproj", "{2E351A5E-1CC4-429D-A6D9-3159F2B46197}"
EndProject
Global
	GlobalSection(SolutionConfigurationPlatforms) = preSolution
		Debug|Any CPU = Debug|Any CPU
		Release|Any CPU = Release|Any CPU
	EndGlobalSection
	GlobalSection(ProjectConfigurationPlatforms) = postSolution
		{2E351A5E-1CC4-429D-A6D9-3159F2B46197}.Debug|Any CPU.ActiveCfg = Debug|Any CPU
		{2E351A5E-1CC4-429D-A6D9-3159F2B46197}.Debug|Any CPU.Build.0 = Debug|Any CPU
		{2E351A5E-1CC4-429D-A6D9-3159F2B46197}.Release|Any CPU.ActiveCfg = Release|Any CPU
		{2E351A5E-1CC4-429D-A6D9-3159F2B46197}.Release|Any CPU.Build.0 = Release|Any CPU
	EndGlobalSection
	GlobalSection(SolutionProperties) = preSolution
		HideSolutionNode = FALSE
	EndGlobalSection
	GlobalSection(ExtensibilityGlobals) = postSolution
		SolutionGuid = {BCDC2B8A-066C-4939-B54A-84A8629D4068}
	EndGlobalSection
EndGlobal
